Microsoft Visual Studio Solution File, Format Version 12.00
# Visual Studio Version 17
VisualStudioVersion = 17.13.35731.43
MinimumVisualStudioVersion = 10.0.40219.1
Project("{FAE04EC0-301F-11D3-BF4B-00C04F79EFBC}") = "ASiNet.App.VWA", "ASiNet.App.VWA\ASiNet.App.VWA.csproj", "{6913BD60-21A5-4CAE-8E63-174225BD95E4}"
EndProject
Project("{FAE04EC0-301F-11D3-BF4B-00C04F79EFBC}") = "ASiNet.VWA.Controls", "ASiNet.VWA.Controls\ASiNet.VWA.Controls.csproj", "{A4A029AC-23DF-4EB5-94C4-78EF8B82F4D2}"
EndProject
Project("{FAE04EC0-301F-11D3-BF4B-00C04F79EFBC}") = "ASiNet.VWA.Core", "ASiNet.VWA.Core\ASiNet.VWA.Core.csproj", "{7977D36E-E882-4199-937C-BB3323A21660}"
EndProject
Global
	GlobalSection(SolutionConfigurationPlatforms) = preSolution
		Debug|Any CPU = Debug|Any CPU
		Release|Any CPU = Release|Any CPU
	EndGlobalSection
	GlobalSection(ProjectConfigurationPlatforms) = postSolution
		{6913BD60-21A5-4CAE-8E63-174225BD95E4}.Debug|Any CPU.ActiveCfg = Debug|Any CPU
		{6913BD60-21A5-4CAE-8E63-174225BD95E4}.Debug|Any CPU.Build.0 = Debug|Any CPU
		{6913BD60-21A5-4CAE-8E63-174225BD95E4}.Release|Any CPU.ActiveCfg = Release|Any CPU
		{6913BD60-21A5-4CAE-8E63-174225BD95E4}.Release|Any CPU.Build.0 = Release|Any CPU
		{A4A029AC-23DF-4EB5-94C4-78EF8B82F4D2}.Debug|Any CPU.ActiveCfg = Debug|Any CPU
		{A4A029AC-23DF-4EB5-94C4-78EF8B82F4D2}.Debug|Any CPU.Build.0 = Debug|Any CPU
		{A4A029AC-23DF-4EB5-94C4-78EF8B82F4D2}.Release|Any CPU.ActiveCfg = Release|Any CPU
		{A4A029AC-23DF-4EB5-94C4-78EF8B82F4D2}.Release|Any CPU.Build.0 = Release|Any CPU
		{7977D36E-E882-4199-937C-BB3323A21660}.Debug|Any CPU.ActiveCfg = Debug|Any CPU
		{7977D36E-E882-4199-937C-BB3323A21660}.Debug|Any CPU.Build.0 = Debug|Any CPU
		{7977D36E-E882-4199-937C-BB3323A21660}.Release|Any CPU.ActiveCfg = Release|Any CPU
		{7977D36E-E882-4199-937C-BB3323A21660}.Release|Any CPU.Build.0 = Release|Any CPU
	EndGlobalSection
	GlobalSection(SolutionProperties) = preSolution
		HideSolutionNode = FALSE
	EndGlobalSection
	GlobalSection(ExtensibilityGlobals) = postSolution
		SolutionGuid = {5AC1216D-6AE0-41AA-B65B-D05A5CD6D1D7}
	EndGlobalSection
EndGlobal
